<?xml version="1.0" encoding="UTF-8"?>
<CodeBlocks_project_file>
	<FileVersion major="1" minor="6"/>
	<Project>
		<Option title="norcb"/>
		<Option makefile_is_custom="1"/>
		<Option compiler="gcc"/>
		<Option virtualFolders="CMake Files\;CMake Files\..\;CMake Files\..\..\;CMake Files\..\..\..\;CMake Files\..\..\..\miniconda3\;CMake Files\..\..\..\miniconda3\lib\;CMake Files\..\..\..\miniconda3\lib\cmake\;CMake Files\..\..\..\miniconda3\lib\cmake\CGAL\;CMake Files\..\..\..\miniconda3\lib\cmake\Boost-1.70.0\;CMake Files\..\..\..\miniconda3\lib\cmake\boost_headers-1.70.0\;"/>
		<Build>
			<Target title="all">
				<Option working_dir="/home/xetql/projects/cpp/NoRCB"/>
				<Option type="4"/>
				<MakeCommands>
					<Build command="/usr/bin/make -f &quot;/home/xetql/projects/cpp/NoRCB/Makefile&quot;  VERBOSE=1 all"/>
					<CompileFile command="/usr/bin/make -f &quot;/home/xetql/projects/cpp/NoRCB/Makefile&quot;  VERBOSE=1 &quot;$file&quot;"/>
					<Clean command="/usr/bin/make -f &quot;/home/xetql/projects/cpp/NoRCB/Makefile&quot;  VERBOSE=1 clean"/>
					<DistClean command="/usr/bin/make -f &quot;/home/xetql/projects/cpp/NoRCB/Makefile&quot;  VERBOSE=1 clean"/>
				</MakeCommands>
			</Target>
			<Target title="rebuild_cache">
				<Option working_dir="/home/xetql/projects/cpp/NoRCB"/>
				<Option type="4"/>
				<MakeCommands>
					<Build command="/usr/bin/make -f &quot;/home/xetql/projects/cpp/NoRCB/Makefile&quot;  VERBOSE=1 rebuild_cache"/>
					<CompileFile command="/usr/bin/make -f &quot;/home/xetql/projects/cpp/NoRCB/Makefile&quot;  VERBOSE=1 &quot;$file&quot;"/>
					<Clean command="/usr/bin/make -f &quot;/home/xetql/projects/cpp/NoRCB/Makefile&quot;  VERBOSE=1 clean"/>
					<DistClean command="/usr/bin/make -f &quot;/home/xetql/projects/cpp/NoRCB/Makefile&quot;  VERBOSE=1 clean"/>
				</MakeCommands>
			</Target>
			<Target title="edit_cache">
				<Option working_dir="/home/xetql/projects/cpp/NoRCB"/>
				<Option type="4"/>
				<MakeCommands>
					<Build command="/usr/bin/make -f &quot;/home/xetql/projects/cpp/NoRCB/Makefile&quot;  VERBOSE=1 edit_cache"/>
					<CompileFile command="/usr/bin/make -f &quot;/home/xetql/projects/cpp/NoRCB/Makefile&quot;  VERBOSE=1 &quot;$file&quot;"/>
					<Clean command="/usr/bin/make -f &quot;/home/xetql/projects/cpp/NoRCB/Makefile&quot;  VERBOSE=1 clean"/>
					<DistClean command="/usr/bin/make -f &quot;/home/xetql/projects/cpp/NoRCB/Makefile&quot;  VERBOSE=1 clean"/>
				</MakeCommands>
			</Target>
			<Target title="norcb">
				<Option output="/home/xetql/projects/cpp/NoRCB/norcb" prefix_auto="0" extension_auto="0"/>
				<Option working_dir="/home/xetql/projects/cpp/NoRCB"/>
				<Option object_output="./"/>
				<Option type="1"/>
				<Option compiler="gcc"/>
				<Compiler>
					<Add option="-DBOOST_ALL_NO_LIB"/>
					<Add directory="/home/xetql/projects/cpp/NoRCB/include"/>
					<Add directory="/home/xetql/miniconda3/include"/>
				</Compiler>
				<MakeCommands>
					<Build command="/usr/bin/make -f &quot;/home/xetql/projects/cpp/NoRCB/Makefile&quot;  VERBOSE=1 norcb"/>
					<CompileFile command="/usr/bin/make -f &quot;/home/xetql/projects/cpp/NoRCB/Makefile&quot;  VERBOSE=1 &quot;$file&quot;"/>
					<Clean command="/usr/bin/make -f &quot;/home/xetql/projects/cpp/NoRCB/Makefile&quot;  VERBOSE=1 clean"/>
					<DistClean command="/usr/bin/make -f &quot;/home/xetql/projects/cpp/NoRCB/Makefile&quot;  VERBOSE=1 clean"/>
				</MakeCommands>
			</Target>
			<Target title="norcb/fast">
				<Option output="/home/xetql/projects/cpp/NoRCB/norcb" prefix_auto="0" extension_auto="0"/>
				<Option working_dir="/home/xetql/projects/cpp/NoRCB"/>
				<Option object_output="./"/>
				<Option type="1"/>
				<Option compiler="gcc"/>
				<Compiler>
					<Add option="-DBOOST_ALL_NO_LIB"/>
					<Add directory="/home/xetql/projects/cpp/NoRCB/include"/>
					<Add directory="/home/xetql/miniconda3/include"/>
				</Compiler>
				<MakeCommands>
					<Build command="/usr/bin/make -f &quot;/home/xetql/projects/cpp/NoRCB/Makefile&quot;  VERBOSE=1 norcb/fast"/>
					<CompileFile command="/usr/bin/make -f &quot;/home/xetql/projects/cpp/NoRCB/Makefile&quot;  VERBOSE=1 &quot;$file&quot;"/>
					<Clean command="/usr/bin/make -f &quot;/home/xetql/projects/cpp/NoRCB/Makefile&quot;  VERBOSE=1 clean"/>
					<DistClean command="/usr/bin/make -f &quot;/home/xetql/projects/cpp/NoRCB/Makefile&quot;  VERBOSE=1 clean"/>
				</MakeCommands>
			</Target>
		</Build>
		<Unit filename="/home/xetql/projects/cpp/NoRCB/src/main.cpp">
			<Option target="norcb"/>
		</Unit>
		<Unit filename="/home/xetql/projects/cpp/NoRCB/src/norcb.cpp">
			<Option target="norcb"/>
		</Unit>
		<Unit filename="/home/xetql/projects/cpp/NoRCB/CMakeLists.txt">
			<Option virtualFolder="CMake Files\"/>
		</Unit>
		<Unit filename="/home/xetql/projects/cpp/NoRCB/../../../miniconda3/lib/cmake/CGAL/CGALConfig-installation-dirs.cmake">
			<Option virtualFolder="CMake Files\..\..\..\miniconda3\lib\cmake\CGAL\"/>
		</Unit>
		<Unit filename="/home/xetql/projects/cpp/NoRCB/../../../miniconda3/lib/cmake/CGAL/CGALConfig.cmake">
			<Option virtualFolder="CMake Files\..\..\..\miniconda3\lib\cmake\CGAL\"/>
		</Unit>
		<Unit filename="/home/xetql/projects/cpp/NoRCB/../../../miniconda3/lib/cmake/CGAL/CGAL_Common.cmake">
			<Option virtualFolder="CMake Files\..\..\..\miniconda3\lib\cmake\CGAL\"/>
		</Unit>
		<Unit filename="/home/xetql/projects/cpp/NoRCB/../../../miniconda3/lib/cmake/CGAL/CGAL_CreateSingleSourceCGALProgram.cmake">
			<Option virtualFolder="CMake Files\..\..\..\miniconda3\lib\cmake\CGAL\"/>
		</Unit>
		<Unit filename="/home/xetql/projects/cpp/NoRCB/../../../miniconda3/lib/cmake/CGAL/CGAL_GeneratorSpecificSettings.cmake">
			<Option virtualFolder="CMake Files\..\..\..\miniconda3\lib\cmake\CGAL\"/>
		</Unit>
		<Unit filename="/home/xetql/projects/cpp/NoRCB/../../../miniconda3/lib/cmake/CGAL/CGAL_Macros.cmake">
			<Option virtualFolder="CMake Files\..\..\..\miniconda3\lib\cmake\CGAL\"/>
		</Unit>
		<Unit filename="/home/xetql/projects/cpp/NoRCB/../../../miniconda3/lib/cmake/CGAL/CGAL_SCM.cmake">
			<Option virtualFolder="CMake Files\..\..\..\miniconda3\lib\cmake\CGAL\"/>
		</Unit>
		<Unit filename="/home/xetql/projects/cpp/NoRCB/../../../miniconda3/lib/cmake/CGAL/CGAL_SetupBoost.cmake">
			<Option virtualFolder="CMake Files\..\..\..\miniconda3\lib\cmake\CGAL\"/>
		</Unit>
		<Unit filename="/home/xetql/projects/cpp/NoRCB/../../../miniconda3/lib/cmake/CGAL/CGAL_SetupCGALDependencies.cmake">
			<Option virtualFolder="CMake Files\..\..\..\miniconda3\lib\cmake\CGAL\"/>
		</Unit>
		<Unit filename="/home/xetql/projects/cpp/NoRCB/../../../miniconda3/lib/cmake/CGAL/CGAL_SetupGMP.cmake">
			<Option virtualFolder="CMake Files\..\..\..\miniconda3\lib\cmake\CGAL\"/>
		</Unit>
		<Unit filename="/home/xetql/projects/cpp/NoRCB/../../../miniconda3/lib/cmake/CGAL/CGAL_TweakFindBoost.cmake">
			<Option virtualFolder="CMake Files\..\..\..\miniconda3\lib\cmake\CGAL\"/>
		</Unit>
		<Unit filename="/home/xetql/projects/cpp/NoRCB/../../../miniconda3/lib/cmake/CGAL/CGAL_VersionUtils.cmake">
			<Option virtualFolder="CMake Files\..\..\..\miniconda3\lib\cmake\CGAL\"/>
		</Unit>
		<Unit filename="/home/xetql/projects/cpp/NoRCB/../../../miniconda3/lib/cmake/CGAL/CGAL_add_test.cmake">
			<Option virtualFolder="CMake Files\..\..\..\miniconda3\lib\cmake\CGAL\"/>
		</Unit>
		<Unit filename="/home/xetql/projects/cpp/NoRCB/../../../miniconda3/lib/cmake/CGAL/CGAL_enable_end_of_configuration_hook.cmake">
			<Option virtualFolder="CMake Files\..\..\..\miniconda3\lib\cmake\CGAL\"/>
		</Unit>
		<Unit filename="/home/xetql/projects/cpp/NoRCB/../../../miniconda3/lib/cmake/CGAL/CGAL_parse_version_h.cmake">
			<Option virtualFolder="CMake Files\..\..\..\miniconda3\lib\cmake\CGAL\"/>
		</Unit>
		<Unit filename="/home/xetql/projects/cpp/NoRCB/../../../miniconda3/lib/cmake/CGAL/CGAL_setup_target_dependencies.cmake">
			<Option virtualFolder="CMake Files\..\..\..\miniconda3\lib\cmake\CGAL\"/>
		</Unit>
		<Unit filename="/home/xetql/projects/cpp/NoRCB/../../../miniconda3/lib/cmake/CGAL/CGAL_target_use_TBB.cmake">
			<Option virtualFolder="CMake Files\..\..\..\miniconda3\lib\cmake\CGAL\"/>
		</Unit>
		<Unit filename="/home/xetql/projects/cpp/NoRCB/../../../miniconda3/lib/cmake/CGAL/FindGMP.cmake">
			<Option virtualFolder="CMake Files\..\..\..\miniconda3\lib\cmake\CGAL\"/>
		</Unit>
		<Unit filename="/home/xetql/projects/cpp/NoRCB/../../../miniconda3/lib/cmake/CGAL/FindMPFR.cmake">
			<Option virtualFolder="CMake Files\..\..\..\miniconda3\lib\cmake\CGAL\"/>
		</Unit>
		<Unit filename="/home/xetql/projects/cpp/NoRCB/../../../miniconda3/lib/cmake/Boost-1.70.0/BoostConfig.cmake">
			<Option virtualFolder="CMake Files\..\..\..\miniconda3\lib\cmake\Boost-1.70.0\"/>
		</Unit>
		<Unit filename="/home/xetql/projects/cpp/NoRCB/../../../miniconda3/lib/cmake/Boost-1.70.0/BoostConfigVersion.cmake">
			<Option virtualFolder="CMake Files\..\..\..\miniconda3\lib\cmake\Boost-1.70.0\"/>
		</Unit>
		<Unit filename="/home/xetql/projects/cpp/NoRCB/../../../miniconda3/lib/cmake/boost_headers-1.70.0/boost_headers-config-version.cmake">
			<Option virtualFolder="CMake Files\..\..\..\miniconda3\lib\cmake\boost_headers-1.70.0\"/>
		</Unit>
		<Unit filename="/home/xetql/projects/cpp/NoRCB/../../../miniconda3/lib/cmake/boost_headers-1.70.0/boost_headers-config.cmake">
			<Option virtualFolder="CMake Files\..\..\..\miniconda3\lib\cmake\boost_headers-1.70.0\"/>
		</Unit>
	</Project>
</CodeBlocks_project_file>
